
Microsoft Visual Studio Solution File, Format Version 12.00
# Visual Studio Version 17
VisualStudioVersion = 17.10.35013.160
MinimumVisualStudioVersion = 10.0.40219.1
Project("{9A19103F-16F7-4668-BE54-9A1E7A4F7556}") = "NyanSpecialty.Assistance.Web.Manager", "NyanSpecialty.Assistance.Web.Manager\NyanSpecialty.Assistance.Web.Manager.csproj", "{A8243844-E005-4080-A0F8-A931DFFC7B76}"
EndProject
Project("{9A19103F-16F7-4668-BE54-9A1E7A4F7556}") = "NyanSpecialty.Assistance.Web.Data.Manager", "NyanSpecialty.Assistance.Web.Data.Manager\NyanSpecialty.Assistance.Web.Data.Manager.csproj", "{FA030620-9AE7-449E-AD24-CED78DFFB63F}"
EndProject
Project("{9A19103F-16F7-4668-BE54-9A1E7A4F7556}") = "NyanSpecialty.Assistance.Web.Models", "NyanSpecialty.Assistance.Web.Models\NyanSpecialty.Assistance.Web.Models.csproj", "{40645005-B7E3-4AC5-B217-C57E5417A06D}"
EndProject
Project("{9A19103F-16F7-4668-BE54-9A1E7A4F7556}") = "NyanSpecialty.Assistance.Web.Api.Tests", "NyanSpecialty.Assistance.Web.Api.Tests\NyanSpecialty.Assistance.Web.Api.Tests.csproj", "{87A3E57C-1B14-45BB-BBF6-C1059D5787B1}"
EndProject
Project("{00D1A9C2-B5F0-4AF3-8072-F6C62B433612}") = "NyanSpecialty.Assistance.Web.Database", "NyanSpecialty.Assistance.Web.Database\NyanSpecialty.Assistance.Web.Database.sqlproj", "{790CAA2A-332B-41BF-B766-BDC4D25A5290}"
EndProject
Project("{9A19103F-16F7-4668-BE54-9A1E7A4F7556}") = "NyanSpecialty.Assistance.Web.Data.Constants", "NyanSpecialty.Assistance.Web.Data.Constants\NyanSpecialty.Assistance.Web.Data.Constants.csproj", "{79DB8AA8-37B4-4F1A-9F74-AEB0139C71FA}"
EndProject
Project("{9A19103F-16F7-4668-BE54-9A1E7A4F7556}") = "NyanSpecialty.Assistance.Web.Data.Utility", "NyanSpecialty.Assistance.Web.Data.Utility\NyanSpecialty.Assistance.Web.Data.Utility.csproj", "{D36CB5E3-FB67-4330-BEC7-58722ACE6626}"
EndProject
Project("{9A19103F-16F7-4668-BE54-9A1E7A4F7556}") = "NyanSpecialty.Assistance.Web.Data.DBConfiguration", "NyanSpecialty.Assistance.Web.Data.DBConfiguration\NyanSpecialty.Assistance.Web.Data.DBConfiguration.csproj", "{D319F362-5D46-45C3-9BAA-735A2B7F7323}"
EndProject
Project("{9A19103F-16F7-4668-BE54-9A1E7A4F7556}") = "NyanSpecialty.Assistance.Web.Api", "NyanSpecialty.Assistance.Web.Api\NyanSpecialty.Assistance.Web.Api.csproj", "{C067D6A6-C965-47E7-AA4B-1A1562550D5B}"
EndProject
Global
	GlobalSection(SolutionConfigurationPlatforms) = preSolution
		Debug|Any CPU = Debug|Any CPU
		Release|Any CPU = Release|Any CPU
	EndGlobalSection
	GlobalSection(ProjectConfigurationPlatforms) = postSolution
		{A8243844-E005-4080-A0F8-A931DFFC7B76}.Debug|Any CPU.ActiveCfg = Debug|Any CPU
		{A8243844-E005-4080-A0F8-A931DFFC7B76}.Debug|Any CPU.Build.0 = Debug|Any CPU
		{A8243844-E005-4080-A0F8-A931DFFC7B76}.Release|Any CPU.ActiveCfg = Release|Any CPU
		{A8243844-E005-4080-A0F8-A931DFFC7B76}.Release|Any CPU.Build.0 = Release|Any CPU
		{FA030620-9AE7-449E-AD24-CED78DFFB63F}.Debug|Any CPU.ActiveCfg = Debug|Any CPU
		{FA030620-9AE7-449E-AD24-CED78DFFB63F}.Debug|Any CPU.Build.0 = Debug|Any CPU
		{FA030620-9AE7-449E-AD24-CED78DFFB63F}.Release|Any CPU.ActiveCfg = Release|Any CPU
		{FA030620-9AE7-449E-AD24-CED78DFFB63F}.Release|Any CPU.Build.0 = Release|Any CPU
		{40645005-B7E3-4AC5-B217-C57E5417A06D}.Debug|Any CPU.ActiveCfg = Debug|Any CPU
		{40645005-B7E3-4AC5-B217-C57E5417A06D}.Debug|Any CPU.Build.0 = Debug|Any CPU
		{40645005-B7E3-4AC5-B217-C57E5417A06D}.Release|Any CPU.ActiveCfg = Release|Any CPU
		{40645005-B7E3-4AC5-B217-C57E5417A06D}.Release|Any CPU.Build.0 = Release|Any CPU
		{87A3E57C-1B14-45BB-BBF6-C1059D5787B1}.Debug|Any CPU.ActiveCfg = Debug|Any CPU
		{87A3E57C-1B14-45BB-BBF6-C1059D5787B1}.Debug|Any CPU.Build.0 = Debug|Any CPU
		{87A3E57C-1B14-45BB-BBF6-C1059D5787B1}.Release|Any CPU.ActiveCfg = Release|Any CPU
		{87A3E57C-1B14-45BB-BBF6-C1059D5787B1}.Release|Any CPU.Build.0 = Release|Any CPU
		{790CAA2A-332B-41BF-B766-BDC4D25A5290}.Debug|Any CPU.ActiveCfg = Debug|Any CPU
		{790CAA2A-332B-41BF-B766-BDC4D25A5290}.Debug|Any CPU.Build.0 = Debug|Any CPU
		{790CAA2A-332B-41BF-B766-BDC4D25A5290}.Debug|Any CPU.Deploy.0 = Debug|Any CPU
		{790CAA2A-332B-41BF-B766-BDC4D25A5290}.Release|Any CPU.ActiveCfg = Release|Any CPU
		{790CAA2A-332B-41BF-B766-BDC4D25A5290}.Release|Any CPU.Build.0 = Release|Any CPU
		{790CAA2A-332B-41BF-B766-BDC4D25A5290}.Release|Any CPU.Deploy.0 = Release|Any CPU
		{79DB8AA8-37B4-4F1A-9F74-AEB0139C71FA}.Debug|Any CPU.ActiveCfg = Debug|Any CPU
		{79DB8AA8-37B4-4F1A-9F74-AEB0139C71FA}.Debug|Any CPU.Build.0 = Debug|Any CPU
		{79DB8AA8-37B4-4F1A-9F74-AEB0139C71FA}.Release|Any CPU.ActiveCfg = Release|Any CPU
		{79DB8AA8-37B4-4F1A-9F74-AEB0139C71FA}.Release|Any CPU.Build.0 = Release|Any CPU
		{D36CB5E3-FB67-4330-BEC7-58722ACE6626}.Debug|Any CPU.ActiveCfg = Debug|Any CPU
		{D36CB5E3-FB67-4330-BEC7-58722ACE6626}.Debug|Any CPU.Build.0 = Debug|Any CPU
		{D36CB5E3-FB67-4330-BEC7-58722ACE6626}.Release|Any CPU.ActiveCfg = Release|Any CPU
		{D36CB5E3-FB67-4330-BEC7-58722ACE6626}.Release|Any CPU.Build.0 = Release|Any CPU
		{D319F362-5D46-45C3-9BAA-735A2B7F7323}.Debug|Any CPU.ActiveCfg = Debug|Any CPU
		{D319F362-5D46-45C3-9BAA-735A2B7F7323}.Debug|Any CPU.Build.0 = Debug|Any CPU
		{D319F362-5D46-45C3-9BAA-735A2B7F7323}.Release|Any CPU.ActiveCfg = Release|Any CPU
		{D319F362-5D46-45C3-9BAA-735A2B7F7323}.Release|Any CPU.Build.0 = Release|Any CPU
		{C067D6A6-C965-47E7-AA4B-1A1562550D5B}.Debug|Any CPU.ActiveCfg = Debug|Any CPU
		{C067D6A6-C965-47E7-AA4B-1A1562550D5B}.Debug|Any CPU.Build.0 = Debug|Any CPU
		{C067D6A6-C965-47E7-AA4B-1A1562550D5B}.Release|Any CPU.ActiveCfg = Release|Any CPU
		{C067D6A6-C965-47E7-AA4B-1A1562550D5B}.Release|Any CPU.Build.0 = Release|Any CPU
	EndGlobalSection
	GlobalSection(SolutionProperties) = preSolution
		HideSolutionNode = FALSE
	EndGlobalSection
	GlobalSection(ExtensibilityGlobals) = postSolution
		SolutionGuid = {CB8B43D5-2999-41FD-AF11-FE08B670C4BF}
	EndGlobalSection
EndGlobal
