
Microsoft Visual Studio Solution File, Format Version 12.00
# Visual Studio Version 17
VisualStudioVersion = 17.10.35013.160
MinimumVisualStudioVersion = 10.0.40219.1
Project("{FAE04EC0-301F-11D3-BF4B-00C04F79EFBC}") = "NyanSpecialty.Web.Api", "NyanSpecialty.Web.Api\NyanSpecialty.Web.Api.csproj", "{1F78D936-9350-498F-A5E9-302DEAA44289}"
EndProject
Global
	GlobalSection(SolutionConfigurationPlatforms) = preSolution
		Debug|Any CPU = Debug|Any CPU
		Release|Any CPU = Release|Any CPU
	EndGlobalSection
	GlobalSection(ProjectConfigurationPlatforms) = postSolution
		{1F78D936-9350-498F-A5E9-302DEAA44289}.Debug|Any CPU.ActiveCfg = Debug|Any CPU
		{1F78D936-9350-498F-A5E9-302DEAA44289}.Debug|Any CPU.Build.0 = Debug|Any CPU
		{1F78D936-9350-498F-A5E9-302DEAA44289}.Release|Any CPU.ActiveCfg = Release|Any CPU
		{1F78D936-9350-498F-A5E9-302DEAA44289}.Release|Any CPU.Build.0 = Release|Any CPU
	EndGlobalSection
	GlobalSection(SolutionProperties) = preSolution
		HideSolutionNode = FALSE
	EndGlobalSection
	GlobalSection(ExtensibilityGlobals) = postSolution
		SolutionGuid = {CB8B43D5-2999-41FD-AF11-FE08B670C4BF}
	EndGlobalSection
EndGlobal
