
Microsoft Visual Studio Solution File, Format Version 12.00
# Visual Studio Version 17
VisualStudioVersion = 17.10.35013.160
MinimumVisualStudioVersion = 10.0.40219.1
Project("{FAE04EC0-301F-11D3-BF4B-00C04F79EFBC}") = "NyanSpecialty.Assistance.Web.Interface", "NyanSpecialty.Assistance.Web.Interface\NyanSpecialty.Assistance.Web.Interface.csproj", "{48A74E72-720A-4C09-8F43-429FE4EF3D87}"
EndProject
Project("{FAE04EC0-301F-11D3-BF4B-00C04F79EFBC}") = "NyanSpecialty.Assistance.Web.Service", "NyanSpecialty.Assistance.Web.Service\NyanSpecialty.Assistance.Web.Service.csproj", "{09F6E084-809D-4682-9D0E-F8FEB0331C4D}"
EndProject
Global
	GlobalSection(SolutionConfigurationPlatforms) = preSolution
		Debug|Any CPU = Debug|Any CPU
		Release|Any CPU = Release|Any CPU
	EndGlobalSection
	GlobalSection(ProjectConfigurationPlatforms) = postSolution
		{48A74E72-720A-4C09-8F43-429FE4EF3D87}.Debug|Any CPU.ActiveCfg = Debug|Any CPU
		{48A74E72-720A-4C09-8F43-429FE4EF3D87}.Debug|Any CPU.Build.0 = Debug|Any CPU
		{48A74E72-720A-4C09-8F43-429FE4EF3D87}.Release|Any CPU.ActiveCfg = Release|Any CPU
		{48A74E72-720A-4C09-8F43-429FE4EF3D87}.Release|Any CPU.Build.0 = Release|Any CPU
		{09F6E084-809D-4682-9D0E-F8FEB0331C4D}.Debug|Any CPU.ActiveCfg = Debug|Any CPU
		{09F6E084-809D-4682-9D0E-F8FEB0331C4D}.Debug|Any CPU.Build.0 = Debug|Any CPU
		{09F6E084-809D-4682-9D0E-F8FEB0331C4D}.Release|Any CPU.ActiveCfg = Release|Any CPU
		{09F6E084-809D-4682-9D0E-F8FEB0331C4D}.Release|Any CPU.Build.0 = Release|Any CPU
	EndGlobalSection
	GlobalSection(SolutionProperties) = preSolution
		HideSolutionNode = FALSE
	EndGlobalSection
	GlobalSection(ExtensibilityGlobals) = postSolution
		SolutionGuid = {CB8B43D5-2999-41FD-AF11-FE08B670C4BF}
	EndGlobalSection
EndGlobal
